Microsoft Visual Studio Solution File, Format Version 12.00
# Visual Studio Version 17
VisualStudioVersion = 17.5.2.0
MinimumVisualStudioVersion = 10.0.40219.1
Project("{FAE04EC0-301F-11D3-BF4B-00C04F79EFBC}") = "Problema1", "Problema1\Problema1.csproj", "{3D079E4F-0088-9651-CF16-E6BA4183653B}"
EndProject
Global
	GlobalSection(SolutionConfigurationPlatforms) = preSolution
		Debug|Any CPU = Debug|Any CPU
		Release|Any CPU = Release|Any CPU
	EndGlobalSection
	GlobalSection(ProjectConfigurationPlatforms) = postSolution
		{3D079E4F-0088-9651-CF16-E6BA4183653B}.Debug|Any CPU.ActiveCfg = Debug|Any CPU
		{3D079E4F-0088-9651-CF16-E6BA4183653B}.Debug|Any CPU.Build.0 = Debug|Any CPU
		{3D079E4F-0088-9651-CF16-E6BA4183653B}.Release|Any CPU.ActiveCfg = Release|Any CPU
		{3D079E4F-0088-9651-CF16-E6BA4183653B}.Release|Any CPU.Build.0 = Release|Any CPU
	EndGlobalSection
	GlobalSection(SolutionProperties) = preSolution
		HideSolutionNode = FALSE
	EndGlobalSection
	GlobalSection(ExtensibilityGlobals) = postSolution
		SolutionGuid = {109FCBB1-A83C-4448-88A1-D5B0288FD9FE}
	EndGlobalSection
EndGlobal
